{
	"name": "totalproject",
	"version": "1.0.0",
	"lockfileVersion": 2,
	"requires": true,
	"packages": {
		"": {
			"name": "totalproject",
			"version": "1.0.0",
			"license": "MIT",
			"dependencies": {
				"fast-geoip": "^1.1.88",
				"total4": "latest"
			}
		},
		"node_modules/fast-geoip": {
			"version": "1.1.88",
			"resolved": "https://registry.npmjs.org/fast-geoip/-/fast-geoip-1.1.88.tgz",
			"integrity": "sha512-rGBGyHTKwNtdXmlgX1IDaf0gskqzQRXR4EWFCuD6V4YSrAzhVZCS53kvKFECQkEylXd0I8rEPV7x4xhhRA4ymw=="
		},
		"node_modules/total4": {
			"version": "0.0.66",
			"resolved": "https://registry.npmjs.org/total4/-/total4-0.0.66.tgz",
			"integrity": "sha512-VCgIo8tQN5XFYrQDQmZGaLKqOyzmBSh/UJXUivHJXDZqHZKcMbN+ytYmBB4sDUGu/sMc5xlF5PIz74lEv7mkjA==",
			"bin": {
				"total4": "bin/total4"
			}
		}
	},
	"dependencies": {
		"fast-geoip": {
			"version": "1.1.88",
			"resolved": "https://registry.npmjs.org/fast-geoip/-/fast-geoip-1.1.88.tgz",
			"integrity": "sha512-rGBGyHTKwNtdXmlgX1IDaf0gskqzQRXR4EWFCuD6V4YSrAzhVZCS53kvKFECQkEylXd0I8rEPV7x4xhhRA4ymw=="
		},
		"total4": {
			"version": "0.0.66",
			"resolved": "https://registry.npmjs.org/total4/-/total4-0.0.66.tgz",
			"integrity": "sha512-VCgIo8tQN5XFYrQDQmZGaLKqOyzmBSh/UJXUivHJXDZqHZKcMbN+ytYmBB4sDUGu/sMc5xlF5PIz74lEv7mkjA=="
		}
	}
}
